
Microsoft Visual Studio Solution File, Format Version 12.00
# Visual Studio 15
VisualStudioVersion = 15.0.28010.2016
MinimumVisualStudioVersion = 10.0.40219.1
Project("{8BC9CEB8-8B4A-11D0-8D11-00A0C91BC942}") = "OlcFontExporter", "OlcFontExporter\OlcFontExporter.vcxproj", "{4A79AE18-91C2-4C66-8E5C-9C32FD907A12}"
EndProject
Project("{8BC9CEB8-8B4A-11D0-8D11-00A0C91BC942}") = "OlcFontLoader", "OlcFontLoader\OlcFontLoader.vcxproj", "{A92CEFBF-DB58-45A8-909B-FFE8103D7DA5}"
EndProject
Global
	GlobalSection(SolutionConfigurationPlatforms) = preSolution
		Debug|x64 = Debug|x64
		Debug|x86 = Debug|x86
		Release|x64 = Release|x64
		Release|x86 = Release|x86
	EndGlobalSection
	GlobalSection(ProjectConfigurationPlatforms) = postSolution
		{4A79AE18-91C2-4C66-8E5C-9C32FD907A12}.Debug|x64.ActiveCfg = Debug|x64
		{4A79AE18-91C2-4C66-8E5C-9C32FD907A12}.Debug|x64.Build.0 = Debug|x64
		{4A79AE18-91C2-4C66-8E5C-9C32FD907A12}.Debug|x86.ActiveCfg = Debug|Win32
		{4A79AE18-91C2-4C66-8E5C-9C32FD907A12}.Debug|x86.Build.0 = Debug|Win32
		{4A79AE18-91C2-4C66-8E5C-9C32FD907A12}.Release|x64.ActiveCfg = Release|x64
		{4A79AE18-91C2-4C66-8E5C-9C32FD907A12}.Release|x64.Build.0 = Release|x64
		{4A79AE18-91C2-4C66-8E5C-9C32FD907A12}.Release|x86.ActiveCfg = Release|Win32
		{4A79AE18-91C2-4C66-8E5C-9C32FD907A12}.Release|x86.Build.0 = Release|Win32
		{A92CEFBF-DB58-45A8-909B-FFE8103D7DA5}.Debug|x64.ActiveCfg = Debug|x64
		{A92CEFBF-DB58-45A8-909B-FFE8103D7DA5}.Debug|x64.Build.0 = Debug|x64
		{A92CEFBF-DB58-45A8-909B-FFE8103D7DA5}.Debug|x86.ActiveCfg = Debug|Win32
		{A92CEFBF-DB58-45A8-909B-FFE8103D7DA5}.Debug|x86.Build.0 = Debug|Win32
		{A92CEFBF-DB58-45A8-909B-FFE8103D7DA5}.Release|x64.ActiveCfg = Release|x64
		{A92CEFBF-DB58-45A8-909B-FFE8103D7DA5}.Release|x64.Build.0 = Release|x64
		{A92CEFBF-DB58-45A8-909B-FFE8103D7DA5}.Release|x86.ActiveCfg = Release|Win32
		{A92CEFBF-DB58-45A8-909B-FFE8103D7DA5}.Release|x86.Build.0 = Release|Win32
	EndGlobalSection
	GlobalSection(SolutionProperties) = preSolution
		HideSolutionNode = FALSE
	EndGlobalSection
	GlobalSection(ExtensibilityGlobals) = postSolution
		SolutionGuid = {C6B7E899-838D-4E68-A5DE-A9338750B150}
	EndGlobalSection
EndGlobal
